
Microsoft Visual Studio Solution File, Format Version 12.00
# Visual Studio Version 16
VisualStudioVersion = 16.0.808.6
MinimumVisualStudioVersion = 10.0.40219.1
Project("{FAE04EC0-301F-11D3-BF4B-00C04F79EFBC}") = "NewsApp.Android", "NewsApp.Android\NewsApp.Android.csproj", "{9C539501-F1F8-45E9-B589-4BEE4F0A1A59}"
EndProject
Project("{FAE04EC0-301F-11D3-BF4B-00C04F79EFBC}") = "NewsApp.iOS", "NewsApp.iOS\NewsApp.iOS.csproj", "{018E43ED-56FD-4CFE-91D4-55B403E9CC11}"
EndProject
Project("{FAE04EC0-301F-11D3-BF4B-00C04F79EFBC}") = "NewsApp", "NewsApp\NewsApp.csproj", "{AC508DE5-02E1-44A5-84E4-3C44CDA507F1}"
EndProject
Global
	GlobalSection(SolutionConfigurationPlatforms) = preSolution
		Debug|Any CPU = Debug|Any CPU
		Release|Any CPU = Release|Any CPU
		Debug|iPhoneSimulator = Debug|iPhoneSimulator
		Release|iPhoneSimulator = Release|iPhoneSimulator
		Debug|iPhone = Debug|iPhone
		Release|iPhone = Release|iPhone
	EndGlobalSection
	GlobalSection(ProjectConfigurationPlatforms) = postSolution
		{9C539501-F1F8-45E9-B589-4BEE4F0A1A59}.Debug|Any CPU.ActiveCfg = Debug|Any CPU
		{9C539501-F1F8-45E9-B589-4BEE4F0A1A59}.Debug|Any CPU.Build.0 = Debug|Any CPU
		{9C539501-F1F8-45E9-B589-4BEE4F0A1A59}.Release|Any CPU.ActiveCfg = Release|Any CPU
		{9C539501-F1F8-45E9-B589-4BEE4F0A1A59}.Release|Any CPU.Build.0 = Release|Any CPU
		{9C539501-F1F8-45E9-B589-4BEE4F0A1A59}.Debug|iPhoneSimulator.ActiveCfg = Debug|Any CPU
		{9C539501-F1F8-45E9-B589-4BEE4F0A1A59}.Debug|iPhoneSimulator.Build.0 = Debug|Any CPU
		{9C539501-F1F8-45E9-B589-4BEE4F0A1A59}.Release|iPhoneSimulator.ActiveCfg = Release|Any CPU
		{9C539501-F1F8-45E9-B589-4BEE4F0A1A59}.Release|iPhoneSimulator.Build.0 = Release|Any CPU
		{9C539501-F1F8-45E9-B589-4BEE4F0A1A59}.Debug|iPhone.ActiveCfg = Debug|Any CPU
		{9C539501-F1F8-45E9-B589-4BEE4F0A1A59}.Debug|iPhone.Build.0 = Debug|Any CPU
		{9C539501-F1F8-45E9-B589-4BEE4F0A1A59}.Release|iPhone.ActiveCfg = Release|Any CPU
		{9C539501-F1F8-45E9-B589-4BEE4F0A1A59}.Release|iPhone.Build.0 = Release|Any CPU
		{018E43ED-56FD-4CFE-91D4-55B403E9CC11}.Debug|Any CPU.ActiveCfg = Debug|iPhoneSimulator
		{018E43ED-56FD-4CFE-91D4-55B403E9CC11}.Debug|Any CPU.Build.0 = Debug|iPhoneSimulator
		{018E43ED-56FD-4CFE-91D4-55B403E9CC11}.Release|Any CPU.ActiveCfg = Release|iPhoneSimulator
		{018E43ED-56FD-4CFE-91D4-55B403E9CC11}.Release|Any CPU.Build.0 = Release|iPhoneSimulator
		{018E43ED-56FD-4CFE-91D4-55B403E9CC11}.Debug|iPhoneSimulator.ActiveCfg = Debug|iPhoneSimulator
		{018E43ED-56FD-4CFE-91D4-55B403E9CC11}.Debug|iPhoneSimulator.Build.0 = Debug|iPhoneSimulator
		{018E43ED-56FD-4CFE-91D4-55B403E9CC11}.Release|iPhoneSimulator.ActiveCfg = Release|iPhoneSimulator
		{018E43ED-56FD-4CFE-91D4-55B403E9CC11}.Release|iPhoneSimulator.Build.0 = Release|iPhoneSimulator
		{018E43ED-56FD-4CFE-91D4-55B403E9CC11}.Debug|iPhone.ActiveCfg = Debug|iPhone
		{018E43ED-56FD-4CFE-91D4-55B403E9CC11}.Debug|iPhone.Build.0 = Debug|iPhone
		{018E43ED-56FD-4CFE-91D4-55B403E9CC11}.Release|iPhone.ActiveCfg = Release|iPhone
		{018E43ED-56FD-4CFE-91D4-55B403E9CC11}.Release|iPhone.Build.0 = Release|iPhone
		{AC508DE5-02E1-44A5-84E4-3C44CDA507F1}.Debug|Any CPU.ActiveCfg = Debug|Any CPU
		{AC508DE5-02E1-44A5-84E4-3C44CDA507F1}.Debug|Any CPU.Build.0 = Debug|Any CPU
		{AC508DE5-02E1-44A5-84E4-3C44CDA507F1}.Release|Any CPU.ActiveCfg = Release|Any CPU
		{AC508DE5-02E1-44A5-84E4-3C44CDA507F1}.Release|Any CPU.Build.0 = Release|Any CPU
		{AC508DE5-02E1-44A5-84E4-3C44CDA507F1}.Debug|iPhoneSimulator.ActiveCfg = Debug|Any CPU
		{AC508DE5-02E1-44A5-84E4-3C44CDA507F1}.Debug|iPhoneSimulator.Build.0 = Debug|Any CPU
		{AC508DE5-02E1-44A5-84E4-3C44CDA507F1}.Release|iPhoneSimulator.ActiveCfg = Release|Any CPU
		{AC508DE5-02E1-44A5-84E4-3C44CDA507F1}.Release|iPhoneSimulator.Build.0 = Release|Any CPU
		{AC508DE5-02E1-44A5-84E4-3C44CDA507F1}.Debug|iPhone.ActiveCfg = Debug|Any CPU
		{AC508DE5-02E1-44A5-84E4-3C44CDA507F1}.Debug|iPhone.Build.0 = Debug|Any CPU
		{AC508DE5-02E1-44A5-84E4-3C44CDA507F1}.Release|iPhone.ActiveCfg = Release|Any CPU
		{AC508DE5-02E1-44A5-84E4-3C44CDA507F1}.Release|iPhone.Build.0 = Release|Any CPU
	EndGlobalSection
	GlobalSection(SolutionProperties) = preSolution
		HideSolutionNode = FALSE
	EndGlobalSection
	GlobalSection(ExtensibilityGlobals) = postSolution
		SolutionGuid = {1C152AD2-1401-4A11-9862-CD25EB07FE21}
	EndGlobalSection
EndGlobal
